// !$*UTF8*$!
{
	archiveVersion = 1;
	classes = {
	};
	objectVersion = 56;
	objects = {

/* Begin PBXBuildFile section */
		480CB0EE29C1900400C2FA23 /* AppDelegate.swift in Sources */ = {isa = PBXBuildFile; fileRef = 480CB0ED29C1900400C2FA23 /* AppDelegate.swift */; };
		480CB0F029C1900400C2FA23 /* SceneDelegate.swift in Sources */ = {isa = PBXBuildFile; fileRef = 480CB0EF29C1900400C2FA23 /* SceneDelegate.swift */; };
		480CB0F229C1900400C2FA23 /* ViewController.swift in Sources */ = {isa = PBXBuildFile; fileRef = 480CB0F129C1900400C2FA23 /* ViewController.swift */; };
		480CB0F529C1900400C2FA23 /* Main.storyboard in Resources */ = {isa = PBXBuildFile; fileRef = 480CB0F329C1900400C2FA23 /* Main.storyboard */; };
		480CB0F729C1900500C2FA23 /* Assets.xcassets in Resources */ = {isa = PBXBuildFile; fileRef = 480CB0F629C1900500C2FA23 /* Assets.xcassets */; };
		480CB0FA29C1900500C2FA23 /* LaunchScreen.storyboard in Resources */ = {isa = PBXBuildFile; fileRef = 480CB0F829C1900500C2FA23 /* LaunchScreen.storyboard */; };
		480CB10229C1913A00C2FA23 /* AlertViewController.swift in Sources */ = {isa = PBXBuildFile; fileRef = 480CB10129C1913A00C2FA23 /* AlertViewController.swift */; };
		480CB10629C1916E00C2FA23 /* lamp-remove.png in Resources */ = {isa = PBXBuildFile; fileRef = 480CB10329C1916E00C2FA23 /* lamp-remove.png */; };
		480CB10729C1916E00C2FA23 /* lamp-off.png in Resources */ = {isa = PBXBuildFile; fileRef = 480CB10429C1916E00C2FA23 /* lamp-off.png */; };
		480CB10829C1916E00C2FA23 /* lamp-on.png in Resources */ = {isa = PBXBuildFile; fileRef = 480CB10529C1916E00C2FA23 /* lamp-on.png */; };
		48D2BC0929C1930D0075C096 /* DateViewController.swift in Sources */ = {isa = PBXBuildFile; fileRef = 48D2BC0829C1930D0075C096 /* DateViewController.swift */; };
		48D2BC0B29C196A40075C096 /* File.png in Resources */ = {isa = PBXBuildFile; fileRef = 48D2BC0A29C196A40075C096 /* File.png */; };
/* End PBXBuildFile section */

/* Begin PBXFileReference section */
		480CB0EA29C1900400C2FA23 /* Tab.app */ = {isa = PBXFileReference; explicitFileType = wrapper.application; includeInIndex = 0; path = Tab.app; sourceTree = BUILT_PRODUCTS_DIR; };
		480CB0ED29C1900400C2FA23 /* AppDelegate.swift */ = {isa = PBXFileReference; lastKnownFileType = sourcecode.swift; path = AppDelegate.swift; sourceTree = "<group>"; };
		480CB0EF29C1900400C2FA23 /* SceneDelegate.swift */ = {isa = PBXFileReference; lastKnownFileType = sourcecode.swift; path = SceneDelegate.swift; sourceTree = "<group>"; };
		480CB0F129C1900400C2FA23 /* ViewController.swift */ = {isa = PBXFileReference; lastKnownFileType = sourcecode.swift; path = ViewController.swift; sourceTree = "<group>"; };
		480CB0F429C1900400C2FA23 /* Base */ = {isa = PBXFileReference; lastKnownFileType = file.storyboard; name = Base; path = Base.lproj/Main.storyboard; sourceTree = "<group>"; };
		480CB0F629C1900500C2FA23 /* Assets.xcassets */ = {isa = PBXFileReference; lastKnownFileType = folder.assetcatalog; path = Assets.xcassets; sourceTree = "<group>"; };
		480CB0F929C1900500C2FA23 /* Base */ = {isa = PBXFileReference; lastKnownFileType = file.storyboard; name = Base; path = Base.lproj/LaunchScreen.storyboard; sourceTree = "<group>"; };
		480CB0FB29C1900500C2FA23 /* Info.plist */ = {isa = PBXFileReference; lastKnownFileType = text.plist.xml; path = Info.plist; sourceTree = "<group>"; };
		480CB10129C1913A00C2FA23 /* AlertViewController.swift */ = {isa = PBXFileReference; fileEncoding = 4; lastKnownFileType = sourcecode.swift; name = AlertViewController.swift; path = ../../Alert/Alert/AlertViewController.swift; sourceTree = "<group>"; };
		480CB10329C1916E00C2FA23 /* lamp-remove.png */ = {isa = PBXFileReference; lastKnownFileType = image.png; name = "lamp-remove.png"; path = "../../Alert/Alert/lamp-remove.png"; sourceTree = "<group>"; };
		480CB10429C1916E00C2FA23 /* lamp-off.png */ = {isa = PBXFileReference; lastKnownFileType = image.png; name = "lamp-off.png"; path = "../../Alert/Alert/lamp-off.png"; sourceTree = "<group>"; };
		480CB10529C1916E00C2FA23 /* lamp-on.png */ = {isa = PBXFileReference; lastKnownFileType = image.png; name = "lamp-on.png"; path = "../../Alert/Alert/lamp-on.png"; sourceTree = "<group>"; };
		48D2BC0829C1930D0075C096 /* DateViewController.swift */ = {isa = PBXFileReference; fileEncoding = 4; lastKnownFileType = sourcecode.swift; name = DateViewController.swift; path = ../../DatePicker/DatePicker/DateViewController.swift; sourceTree = "<group>"; };
		48D2BC0A29C196A40075C096 /* File.png */ = {isa = PBXFileReference; lastKnownFileType = image.png; path = File.png; sourceTree = "<group>"; };
/* End PBXFileReference section */

/* Begin PBXFrameworksBuildPhase section */
		480CB0E729C1900400C2FA23 /* Frameworks */ = {
			isa = PBXFrameworksBuildPhase;
			buildActionMask = 2147483647;
			files = (
			);
			runOnlyForDeploymentPostprocessing = 0;
		};
/* End PBXFrameworksBuildPhase section */

/* Begin PBXGroup section */
		480CB0E129C1900400C2FA23 = {
			isa = PBXGroup;
			children = (
				480CB0EC29C1900400C2FA23 /* Tab */,
				480CB0EB29C1900400C2FA23 /* Products */,
			);
			sourceTree = "<group>";
		};
		480CB0EB29C1900400C2FA23 /* Products */ = {
			isa = PBXGroup;
			children = (
				480CB0EA29C1900400C2FA23 /* Tab.app */,
			);
			name = Products;
			sourceTree = "<group>";
		};
		480CB0EC29C1900400C2FA23 /* Tab */ = {
			isa = PBXGroup;
			children = (
				480CB10429C1916E00C2FA23 /* lamp-off.png */,
				480CB10529C1916E00C2FA23 /* lamp-on.png */,
				480CB10329C1916E00C2FA23 /* lamp-remove.png */,
				48D2BC0A29C196A40075C096 /* File.png */,
				480CB0ED29C1900400C2FA23 /* AppDelegate.swift */,
				480CB0EF29C1900400C2FA23 /* SceneDelegate.swift */,
				480CB0F129C1900400C2FA23 /* ViewController.swift */,
				480CB10129C1913A00C2FA23 /* AlertViewController.swift */,
				48D2BC0829C1930D0075C096 /* DateViewController.swift */,
				480CB0F329C1900400C2FA23 /* Main.storyboard */,
				480CB0F629C1900500C2FA23 /* Assets.xcassets */,
				480CB0F829C1900500C2FA23 /* LaunchScreen.storyboard */,
				480CB0FB29C1900500C2FA23 /* Info.plist */,
			);
			path = Tab;
			sourceTree = "<group>";
		};
/* End PBXGroup section */

/* Begin PBXNativeTarget section */
		480CB0E929C1900400C2FA23 /* Tab */ = {
			isa = PBXNativeTarget;
			buildConfigurationList = 480CB0FE29C1900500C2FA23 /* Build configuration list for PBXNativeTarget "Tab" */;
			buildPhases = (
				480CB0E629C1900400C2FA23 /* Sources */,
				480CB0E729C1900400C2FA23 /* Frameworks */,
				480CB0E829C1900400C2FA23 /* Resources */,
			);
			buildRules = (
			);
			dependencies = (
			);
			name = Tab;
			productName = Tab;
			productReference = 480CB0EA29C1900400C2FA23 /* Tab.app */;
			productType = "com.apple.product-type.application";
		};
/* End PBXNativeTarget section */

/* Begin PBXProject section */
		480CB0E229C1900400C2FA23 /* Project object */ = {
			isa = PBXProject;
			attributes = {
				BuildIndependentTargetsInParallel = 1;
				LastSwiftUpdateCheck = 1420;
				LastUpgradeCheck = 1420;
				TargetAttributes = {
					480CB0E929C1900400C2FA23 = {
						CreatedOnToolsVersion = 14.2;
					};
				};
			};
			buildConfigurationList = 480CB0E529C1900400C2FA23 /* Build configuration list for PBXProject "Tab" */;
			compatibilityVersion = "Xcode 14.0";
			developmentRegion = en;
			hasScannedForEncodings = 0;
			knownRegions = (
				en,
				Base,
			);
			mainGroup = 480CB0E129C1900400C2FA23;
			productRefGroup = 480CB0EB29C1900400C2FA23 /* Products */;
			projectDirPath = "";
			projectRoot = "";
			targets = (
				480CB0E929C1900400C2FA23 /* Tab */,
			);
		};
/* End PBXProject section */

/* Begin PBXResourcesBuildPhase section */
		480CB0E829C1900400C2FA23 /* Resources */ = {
			isa = PBXResourcesBuildPhase;
			buildActionMask = 2147483647;
			files = (
				480CB10729C1916E00C2FA23 /* lamp-off.png in Resources */,
				480CB0FA29C1900500C2FA23 /* LaunchScreen.storyboard in Resources */,
				480CB0F729C1900500C2FA23 /* Assets.xcassets in Resources */,
				48D2BC0B29C196A40075C096 /* File.png in Resources */,
				480CB0F529C1900400C2FA23 /* Main.storyboard in Resources */,
				480CB10829C1916E00C2FA23 /* lamp-on.png in Resources */,
				480CB10629C1916E00C2FA23 /* lamp-remove.png in Resources */,
			);
			runOnlyForDeploymentPostprocessing = 0;
		};
/* End PBXResourcesBuildPhase section */

/* Begin PBXSourcesBuildPhase section */
		480CB0E629C1900400C2FA23 /* Sources */ = {
			isa = PBXSourcesBuildPhase;
			buildActionMask = 2147483647;
			files = (
				48D2BC0929C1930D0075C096 /* DateViewController.swift in Sources */,
				480CB0F229C1900400C2FA23 /* ViewController.swift in Sources */,
				480CB0EE29C1900400C2FA23 /* AppDelegate.swift in Sources */,
				480CB0F029C1900400C2FA23 /* SceneDelegate.swift in Sources */,
				480CB10229C1913A00C2FA23 /* AlertViewController.swift in Sources */,
			);
			runOnlyForDeploymentPostprocessing = 0;
		};
/* End PBXSourcesBuildPhase section */

/* Begin PBXVariantGroup section */
		480CB0F329C1900400C2FA23 /* Main.storyboard */ = {
			isa = PBXVariantGroup;
			children = (
				480CB0F429C1900400C2FA23 /* Base */,
			);
			name = Main.storyboard;
			sourceTree = "<group>";
		};
		480CB0F829C1900500C2FA23 /* LaunchScreen.storyboard */ = {
			isa = PBXVariantGroup;
			children = (
				480CB0F929C1900500C2FA23 /* Base */,
			);
			name = LaunchScreen.storyboard;
			sourceTree = "<group>";
		};
/* End PBXVariantGroup section */

/* Begin XCBuildConfiguration section */
		480CB0FC29C1900500C2FA23 /* Debug */ = {
			isa = XCBuildConfiguration;
			buildSettings = {
				ALWAYS_SEARCH_USER_PATHS = NO;
				CLANG_ANALYZER_NONNULL = YES;
				CLANG_ANALYZER_NUMBER_OBJECT_CONVERSION = YES_AGGRESSIVE;
				CLANG_CXX_LANGUAGE_STANDARD = "gnu++20";
				CLANG_ENABLE_MODULES = YES;
				CLANG_ENABLE_OBJC_ARC = YES;
				CLANG_ENABLE_OBJC_WEAK = YES;
				CLANG_WARN_BLOCK_CAPTURE_AUTORELEASING = YES;
				CLANG_WARN_BOOL_CONVERSION = YES;
				CLANG_WARN_COMMA = YES;
				CLANG_WARN_CONSTANT_CONVERSION = YES;
				CLANG_WARN_DEPRECATED_OBJC_IMPLEMENTATIONS = YES;
				CLANG_WARN_DIRECT_OBJC_ISA_USAGE = YES_ERROR;
				CLANG_WARN_DOCUMENTATION_COMMENTS = YES;
				CLANG_WARN_EMPTY_BODY = YES;
				CLANG_WARN_ENUM_CONVERSION = YES;
				CLANG_WARN_INFINITE_RECURSION = YES;
				CLANG_WARN_INT_CONVERSION = YES;
				CLANG_WARN_NON_LITERAL_NULL_CONVERSION = YES;
				CLANG_WARN_OBJC_IMPLICIT_RETAIN_SELF = YES;
				CLANG_WARN_OBJC_LITERAL_CONVERSION = YES;
				CLANG_WARN_OBJC_ROOT_CLASS = YES_ERROR;
				CLANG_WARN_QUOTED_INCLUDE_IN_FRAMEWORK_HEADER = YES;
				CLANG_WARN_RANGE_LOOP_ANALYSIS = YES;
				CLANG_WARN_STRICT_PROTOTYPES = YES;
				CLANG_WARN_SUSPICIOUS_MOVE = YES;
				CLANG_WARN_UNGUARDED_AVAILABILITY = YES_AGGRESSIVE;
				CLANG_WARN_UNREACHABLE_CODE = YES;
				CLANG_WARN__DUPLICATE_METHOD_MATCH = YES;
				COPY_PHASE_STRIP = NO;
				DEBUG_INFORMATION_FORMAT = dwarf;
				ENABLE_STRICT_OBJC_MSGSEND = YES;
				ENABLE_TESTABILITY = YES;
				GCC_C_LANGUAGE_STANDARD = gnu11;
				GCC_DYNAMIC_NO_PIC = NO;
				GCC_NO_COMMON_BLOCKS = YES;
				GCC_OPTIMIZATION_LEVEL = 0;
				GCC_PREPROCESSOR_DEFINITIONS = (
					"DEBUG=1",
					"$(inherited)",
				);
				GCC_WARN_64_TO_32_BIT_CONVERSION = YES;
				GCC_WARN_ABOUT_RETURN_TYPE = YES_ERROR;
				GCC_WARN_UNDECLARED_SELECTOR = YES;
				GCC_WARN_UNINITIALIZED_AUTOS = YES_AGGRESSIVE;
				GCC_WARN_UNUSED_FUNCTION = YES;
				GCC_WARN_UNUSED_VARIABLE = YES;
				IPHONEOS_DEPLOYMENT_TARGET = 16.2;
				MTL_ENABLE_DEBUG_INFO = INCLUDE_SOURCE;
				MTL_FAST_MATH = YES;
				ONLY_ACTIVE_ARCH = YES;
				SDKROOT = iphoneos;
				SWIFT_ACTIVE_COMPILATION_CONDITIONS = DEBUG;
				SWIFT_OPTIMIZATION_LEVEL = "-Onone";
			};
			name = Debug;
		};
		480CB0FD29C1900500C2FA23 /* Release */ = {
			isa = XCBuildConfiguration;
			buildSettings = {
				ALWAYS_SEARCH_USER_PATHS = NO;
				CLANG_ANALYZER_NONNULL = YES;
				CLANG_ANALYZER_NUMBER_OBJECT_CONVERSION = YES_AGGRESSIVE;
				CLANG_CXX_LANGUAGE_STANDARD = "gnu++20";
				CLANG_ENABLE_MODULES = YES;
				CLANG_ENABLE_OBJC_ARC = YES;
				CLANG_ENABLE_OBJC_WEAK = YES;
				CLANG_WARN_BLOCK_CAPTURE_AUTORELEASING = YES;
				CLANG_WARN_BOOL_CONVERSION = YES;
				CLANG_WARN_COMMA = YES;
				CLANG_WARN_CONSTANT_CONVERSION = YES;
				CLANG_WARN_DEPRECATED_OBJC_IMPLEMENTATIONS = YES;
				CLANG_WARN_DIRECT_OBJC_ISA_USAGE = YES_ERROR;
				CLANG_WARN_DOCUMENTATION_COMMENTS = YES;
				CLANG_WARN_EMPTY_BODY = YES;
				CLANG_WARN_ENUM_CONVERSION = YES;
				CLANG_WARN_INFINITE_RECURSION = YES;
				CLANG_WARN_INT_CONVERSION = YES;
				CLANG_WARN_NON_LITERAL_NULL_CONVERSION = YES;
				CLANG_WARN_OBJC_IMPLICIT_RETAIN_SELF = YES;
				CLANG_WARN_OBJC_LITERAL_CONVERSION = YES;
				CLANG_WARN_OBJC_ROOT_CLASS = YES_ERROR;
				CLANG_WARN_QUOTED_INCLUDE_IN_FRAMEWORK_HEADER = YES;
				CLANG_WARN_RANGE_LOOP_ANALYSIS = YES;
				CLANG_WARN_STRICT_PROTOTYPES = YES;
				CLANG_WARN_SUSPICIOUS_MOVE = YES;
				CLANG_WARN_UNGUARDED_AVAILABILITY = YES_AGGRESSIVE;
				CLANG_WARN_UNREACHABLE_CODE = YES;
				CLANG_WARN__DUPLICATE_METHOD_MATCH = YES;
				COPY_PHASE_STRIP = NO;
				DEBUG_INFORMATION_FORMAT = "dwarf-with-dsym";
				ENABLE_NS_ASSERTIONS = NO;
				ENABLE_STRICT_OBJC_MSGSEND = YES;
				GCC_C_LANGUAGE_STANDARD = gnu11;
				GCC_NO_COMMON_BLOCKS = YES;
				GCC_WARN_64_TO_32_BIT_CONVERSION = YES;
				GCC_WARN_ABOUT_RETURN_TYPE = YES_ERROR;
				GCC_WARN_UNDECLARED_SELECTOR = YES;
				GCC_WARN_UNINITIALIZED_AUTOS = YES_AGGRESSIVE;
				GCC_WARN_UNUSED_FUNCTION = YES;
				GCC_WARN_UNUSED_VARIABLE = YES;
				IPHONEOS_DEPLOYMENT_TARGET = 16.2;
				MTL_ENABLE_DEBUG_INFO = NO;
				MTL_FAST_MATH = YES;
				SDKROOT = iphoneos;
				SWIFT_COMPILATION_MODE = wholemodule;
				SWIFT_OPTIMIZATION_LEVEL = "-O";
				VALIDATE_PRODUCT = YES;
			};
			name = Release;
		};
		480CB0FF29C1900500C2FA23 /* Debug */ = {
			isa = XCBuildConfiguration;
			buildSettings = {
				ASSETCATALOG_COMPILER_APPICON_NAME = AppIcon;
				ASSETCATALOG_COMPILER_GLOBAL_ACCENT_COLOR_NAME = AccentColor;
				CODE_SIGN_STYLE = Automatic;
				CURRENT_PROJECT_VERSION = 1;
				GENERATE_INFOPLIST_FILE = YES;
				INFOPLIST_FILE = Tab/Info.plist;
				INFOPLIST_KEY_UIApplicationSupportsIndirectInputEvents = YES;
				INFOPLIST_KEY_UILaunchStoryboardName = LaunchScreen;
				INFOPLIST_KEY_UIMainStoryboardFile = Main;
				INFOPLIST_KEY_UISupportedInterfaceOrientations_iPad = "UIInterfaceOrientationPortrait UIInterfaceOrientationPortraitUpsideDown UIInterfaceOrientationLandscapeLeft UIInterfaceOrientationLandscapeRight";
				INFOPLIST_KEY_UISupportedInterfaceOrientations_iPhone = "UIInterfaceOrientationPortrait UIInterfaceOrientationLandscapeLeft UIInterfaceOrientationLandscapeRight";
				LD_RUNPATH_SEARCH_PATHS = (
					"$(inherited)",
					"@executable_path/Frameworks",
				);
				MARKETING_VERSION = 1.0;
				PRODUCT_BUNDLE_IDENTIFIER = com.yongjin.Tab;
				PRODUCT_NAME = "$(TARGET_NAME)";
				SWIFT_EMIT_LOC_STRINGS = YES;
				SWIFT_VERSION = 5.0;
				TARGETED_DEVICE_FAMILY = "1,2";
			};
			name = Debug;
		};
		480CB10029C1900500C2FA23 /* Release */ = {
			isa = XCBuildConfiguration;
			buildSettings = {
				ASSETCATALOG_COMPILER_APPICON_NAME = AppIcon;
				ASSETCATALOG_COMPILER_GLOBAL_ACCENT_COLOR_NAME = AccentColor;
				CODE_SIGN_STYLE = Automatic;
				CURRENT_PROJECT_VERSION = 1;
				GENERATE_INFOPLIST_FILE = YES;
				INFOPLIST_FILE = Tab/Info.plist;
				INFOPLIST_KEY_UIApplicationSupportsIndirectInputEvents = YES;
				INFOPLIST_KEY_UILaunchStoryboardName = LaunchScreen;
				INFOPLIST_KEY_UIMainStoryboardFile = Main;
				INFOPLIST_KEY_UISupportedInterfaceOrientations_iPad = "UIInterfaceOrientationPortrait UIInterfaceOrientationPortraitUpsideDown UIInterfaceOrientationLandscapeLeft UIInterfaceOrientationLandscapeRight";
				INFOPLIST_KEY_UISupportedInterfaceOrientations_iPhone = "UIInterfaceOrientationPortrait UIInterfaceOrientationLandscapeLeft UIInterfaceOrientationLandscapeRight";
				LD_RUNPATH_SEARCH_PATHS = (
					"$(inherited)",
					"@executable_path/Frameworks",
				);
				MARKETING_VERSION = 1.0;
				PRODUCT_BUNDLE_IDENTIFIER = com.yongjin.Tab;
				PRODUCT_NAME = "$(TARGET_NAME)";
				SWIFT_EMIT_LOC_STRINGS = YES;
				SWIFT_VERSION = 5.0;
				TARGETED_DEVICE_FAMILY = "1,2";
			};
			name = Release;
		};
/* End XCBuildConfiguration section */

/* Begin XCConfigurationList section */
		480CB0E529C1900400C2FA23 /* Build configuration list for PBXProject "Tab" */ = {
			isa = XCConfigurationList;
			buildConfigurations = (
				480CB0FC29C1900500C2FA23 /* Debug */,
				480CB0FD29C1900500C2FA23 /* Release */,
			);
			defaultConfigurationIsVisible = 0;
			defaultConfigurationName = Release;
		};
		480CB0FE29C1900500C2FA23 /* Build configuration list for PBXNativeTarget "Tab" */ = {
			isa = XCConfigurationList;
			buildConfigurations = (
				480CB0FF29C1900500C2FA23 /* Debug */,
				480CB10029C1900500C2FA23 /* Release */,
			);
			defaultConfigurationIsVisible = 0;
			defaultConfigurationName = Release;
		};
/* End XCConfigurationList section */
	};
	rootObject = 480CB0E229C1900400C2FA23 /* Project object */;
}
